// !$*UTF8*$!
{
	archiveVersion = 1;
	classes = {
	};
	objectVersion = 50;
	objects = {

/* Begin PBXBuildFile section */
		FCA70E17268DF8B600B28CC4 /* PlayerListApp.swift in Sources */ = {isa = PBXBuildFile; fileRef = FCA70E16268DF8B600B28CC4 /* PlayerListApp.swift */; };
		FCA70E19268DF8B600B28CC4 /* ContentView.swift in Sources */ = {isa = PBXBuildFile; fileRef = FCA70E18268DF8B600B28CC4 /* ContentView.swift */; };
		FCA70E1B268DF8B600B28CC4 /* Assets.xcassets in Resources */ = {isa = PBXBuildFile; fileRef = FCA70E1A268DF8B600B28CC4 /* Assets.xcassets */; };
		FCA70E1E268DF8B600B28CC4 /* Preview Assets.xcassets in Resources */ = {isa = PBXBuildFile; fileRef = FCA70E1D268DF8B600B28CC4 /* Preview Assets.xcassets */; };
/* End PBXBuildFile section */

/* Begin PBXFileReference section */
		FCA70E13268DF8B600B28CC4 /* PlayerList.app */ = {isa = PBXFileReference; explicitFileType = wrapper.application; includeInIndex = 0; path = PlayerList.app; sourceTree = BUILT_PRODUCTS_DIR; };
		FCA70E16268DF8B600B28CC4 /* PlayerListApp.swift */ = {isa = PBXFileReference; lastKnownFileType = sourcecode.swift; path = PlayerListApp.swift; sourceTree = "<group>"; };
		FCA70E18268DF8B600B28CC4 /* ContentView.swift */ = {isa = PBXFileReference; lastKnownFileType = sourcecode.swift; path = ContentView.swift; sourceTree = "<group>"; };
		FCA70E1A268DF8B600B28CC4 /* Assets.xcassets */ = {isa = PBXFileReference; lastKnownFileType = folder.assetcatalog; path = Assets.xcassets; sourceTree = "<group>"; };
		FCA70E1D268DF8B600B28CC4 /* Preview Assets.xcassets */ = {isa = PBXFileReference; lastKnownFileType = folder.assetcatalog; path = "Preview Assets.xcassets"; sourceTree = "<group>"; };
		FCA70E1F268DF8B600B28CC4 /* Info.plist */ = {isa = PBXFileReference; lastKnownFileType = text.plist.xml; path = Info.plist; sourceTree = "<group>"; };
/* End PBXFileReference section */

/* Begin PBXFrameworksBuildPhase section */
		FCA70E10268DF8B600B28CC4 /* Frameworks */ = {
			isa = PBXFrameworksBuildPhase;
			buildActionMask = 2147483647;
			files = (
			);
			runOnlyForDeploymentPostprocessing = 0;
		};
/* End PBXFrameworksBuildPhase section */

/* Begin PBXGroup section */
		FCA70E0A268DF8B600B28CC4 = {
			isa = PBXGroup;
			children = (
				FCA70E15268DF8B600B28CC4 /* PlayerList */,
				FCA70E14268DF8B600B28CC4 /* Products */,
			);
			sourceTree = "<group>";
		};
		FCA70E14268DF8B600B28CC4 /* Products */ = {
			isa = PBXGroup;
			children = (
				FCA70E13268DF8B600B28CC4 /* PlayerList.app */,
			);
			name = Products;
			sourceTree = "<group>";
		};
		FCA70E15268DF8B600B28CC4 /* PlayerList */ = {
			isa = PBXGroup;
			children = (
				FCA70E16268DF8B600B28CC4 /* PlayerListApp.swift */,
				FCA70E18268DF8B600B28CC4 /* ContentView.swift */,
				FCA70E1A268DF8B600B28CC4 /* Assets.xcassets */,
				FCA70E1F268DF8B600B28CC4 /* Info.plist */,
				FCA70E1C268DF8B600B28CC4 /* Preview Content */,
			);
			path = PlayerList;
			sourceTree = "<group>";
		};
		FCA70E1C268DF8B600B28CC4 /* Preview Content */ = {
			isa = PBXGroup;
			children = (
				FCA70E1D268DF8B600B28CC4 /* Preview Assets.xcassets */,
			);
			path = "Preview Content";
			sourceTree = "<group>";
		};
/* End PBXGroup section */

/* Begin PBXNativeTarget section */
		FCA70E12268DF8B600B28CC4 /* PlayerList */ = {
			isa = PBXNativeTarget;
			buildConfigurationList = FCA70E22268DF8B600B28CC4 /* Build configuration list for PBXNativeTarget "PlayerList" */;
			buildPhases = (
				FCA70E0F268DF8B600B28CC4 /* Sources */,
				FCA70E10268DF8B600B28CC4 /* Frameworks */,
				FCA70E11268DF8B600B28CC4 /* Resources */,
			);
			buildRules = (
			);
			dependencies = (
			);
			name = PlayerList;
			productName = PlayerList;
			productReference = FCA70E13268DF8B600B28CC4 /* PlayerList.app */;
			productType = "com.apple.product-type.application";
		};
/* End PBXNativeTarget section */

/* Begin PBXProject section */
		FCA70E0B268DF8B600B28CC4 /* Project object */ = {
			isa = PBXProject;
			attributes = {
				LastSwiftUpdateCheck = 1250;
				LastUpgradeCheck = 1250;
				TargetAttributes = {
					FCA70E12268DF8B600B28CC4 = {
						CreatedOnToolsVersion = 12.5;
					};
				};
			};
			buildConfigurationList = FCA70E0E268DF8B600B28CC4 /* Build configuration list for PBXProject "PlayerList" */;
			compatibilityVersion = "Xcode 9.3";
			developmentRegion = en;
			hasScannedForEncodings = 0;
			knownRegions = (
				en,
				Base,
			);
			mainGroup = FCA70E0A268DF8B600B28CC4;
			productRefGroup = FCA70E14268DF8B600B28CC4 /* Products */;
			projectDirPath = "";
			projectRoot = "";
			targets = (
				FCA70E12268DF8B600B28CC4 /* PlayerList */,
			);
		};
/* End PBXProject section */

/* Begin PBXResourcesBuildPhase section */
		FCA70E11268DF8B600B28CC4 /* Resources */ = {
			isa = PBXResourcesBuildPhase;
			buildActionMask = 2147483647;
			files = (
				FCA70E1E268DF8B600B28CC4 /* Preview Assets.xcassets in Resources */,
				FCA70E1B268DF8B600B28CC4 /* Assets.xcassets in Resources */,
			);
			runOnlyForDeploymentPostprocessing = 0;
		};
/* End PBXResourcesBuildPhase section */

/* Begin PBXSourcesBuildPhase section */
		FCA70E0F268DF8B600B28CC4 /* Sources */ = {
			isa = PBXSourcesBuildPhase;
			buildActionMask = 2147483647;
			files = (
				FCA70E19268DF8B600B28CC4 /* ContentView.swift in Sources */,
				FCA70E17268DF8B600B28CC4 /* PlayerListApp.swift in Sources */,
			);
			runOnlyForDeploymentPostprocessing = 0;
		};
/* End PBXSourcesBuildPhase section */

/* Begin XCBuildConfiguration section */
		FCA70E20268DF8B600B28CC4 /* Debug */ = {
			isa = XCBuildConfiguration;
			buildSettings = {
				ALWAYS_SEARCH_USER_PATHS = NO;
				CLANG_ANALYZER_NONNULL = YES;
				CLANG_ANALYZER_NUMBER_OBJECT_CONVERSION = YES_AGGRESSIVE;
				CLANG_CXX_LANGUAGE_STANDARD = "gnu++14";
				CLANG_CXX_LIBRARY = "libc++";
				CLANG_ENABLE_MODULES = YES;
				CLANG_ENABLE_OBJC_ARC = YES;
				CLANG_ENABLE_OBJC_WEAK = YES;
				CLANG_WARN_BLOCK_CAPTURE_AUTORELEASING = YES;
				CLANG_WARN_BOOL_CONVERSION = YES;
				CLANG_WARN_COMMA = YES;
				CLANG_WARN_CONSTANT_CONVERSION = YES;
				CLANG_WARN_DEPRECATED_OBJC_IMPLEMENTATIONS = YES;
				CLANG_WARN_DIRECT_OBJC_ISA_USAGE = YES_ERROR;
				CLANG_WARN_DOCUMENTATION_COMMENTS = YES;
				CLANG_WARN_EMPTY_BODY = YES;
				CLANG_WARN_ENUM_CONVERSION = YES;
				CLANG_WARN_INFINITE_RECURSION = YES;
				CLANG_WARN_INT_CONVERSION = YES;
				CLANG_WARN_NON_LITERAL_NULL_CONVERSION = YES;
				CLANG_WARN_OBJC_IMPLICIT_RETAIN_SELF = YES;
				CLANG_WARN_OBJC_LITERAL_CONVERSION = YES;
				CLANG_WARN_OBJC_ROOT_CLASS = YES_ERROR;
				CLANG_WARN_QUOTED_INCLUDE_IN_FRAMEWORK_HEADER = YES;
				CLANG_WARN_RANGE_LOOP_ANALYSIS = YES;
				CLANG_WARN_STRICT_PROTOTYPES = YES;
				CLANG_WARN_SUSPICIOUS_MOVE = YES;
				CLANG_WARN_UNGUARDED_AVAILABILITY = YES_AGGRESSIVE;
				CLANG_WARN_UNREACHABLE_CODE = YES;
				CLANG_WARN__DUPLICATE_METHOD_MATCH = YES;
				COPY_PHASE_STRIP = NO;
				DEBUG_INFORMATION_FORMAT = dwarf;
				ENABLE_STRICT_OBJC_MSGSEND = YES;
				ENABLE_TESTABILITY = YES;
				GCC_C_LANGUAGE_STANDARD = gnu11;
				GCC_DYNAMIC_NO_PIC = NO;
				GCC_NO_COMMON_BLOCKS = YES;
				GCC_OPTIMIZATION_LEVEL = 0;
				GCC_PREPROCESSOR_DEFINITIONS = (
					"DEBUG=1",
					"$(inherited)",
				);
				GCC_WARN_64_TO_32_BIT_CONVERSION = YES;
				GCC_WARN_ABOUT_RETURN_TYPE = YES_ERROR;
				GCC_WARN_UNDECLARED_SELECTOR = YES;
				GCC_WARN_UNINITIALIZED_AUTOS = YES_AGGRESSIVE;
				GCC_WARN_UNUSED_FUNCTION = YES;
				GCC_WARN_UNUSED_VARIABLE = YES;
				IPHONEOS_DEPLOYMENT_TARGET = 14.5;
				MTL_ENABLE_DEBUG_INFO = INCLUDE_SOURCE;
				MTL_FAST_MATH = YES;
				ONLY_ACTIVE_ARCH = YES;
				SDKROOT = iphoneos;
				SWIFT_ACTIVE_COMPILATION_CONDITIONS = DEBUG;
				SWIFT_OPTIMIZATION_LEVEL = "-Onone";
			};
			name = Debug;
		};
		FCA70E21268DF8B600B28CC4 /* Release */ = {
			isa = XCBuildConfiguration;
			buildSettings = {
				ALWAYS_SEARCH_USER_PATHS = NO;
				CLANG_ANALYZER_NONNULL = YES;
				CLANG_ANALYZER_NUMBER_OBJECT_CONVERSION = YES_AGGRESSIVE;
				CLANG_CXX_LANGUAGE_STANDARD = "gnu++14";
				CLANG_CXX_LIBRARY = "libc++";
				CLANG_ENABLE_MODULES = YES;
				CLANG_ENABLE_OBJC_ARC = YES;
				CLANG_ENABLE_OBJC_WEAK = YES;
				CLANG_WARN_BLOCK_CAPTURE_AUTORELEASING = YES;
				CLANG_WARN_BOOL_CONVERSION = YES;
				CLANG_WARN_COMMA = YES;
				CLANG_WARN_CONSTANT_CONVERSION = YES;
				CLANG_WARN_DEPRECATED_OBJC_IMPLEMENTATIONS = YES;
				CLANG_WARN_DIRECT_OBJC_ISA_USAGE = YES_ERROR;
				CLANG_WARN_DOCUMENTATION_COMMENTS = YES;
				CLANG_WARN_EMPTY_BODY = YES;
				CLANG_WARN_ENUM_CONVERSION = YES;
				CLANG_WARN_INFINITE_RECURSION = YES;
				CLANG_WARN_INT_CONVERSION = YES;
				CLANG_WARN_NON_LITERAL_NULL_CONVERSION = YES;
				CLANG_WARN_OBJC_IMPLICIT_RETAIN_SELF = YES;
				CLANG_WARN_OBJC_LITERAL_CONVERSION = YES;
				CLANG_WARN_OBJC_ROOT_CLASS = YES_ERROR;
				CLANG_WARN_QUOTED_INCLUDE_IN_FRAMEWORK_HEADER = YES;
				CLANG_WARN_RANGE_LOOP_ANALYSIS = YES;
				CLANG_WARN_STRICT_PROTOTYPES = YES;
				CLANG_WARN_SUSPICIOUS_MOVE = YES;
				CLANG_WARN_UNGUARDED_AVAILABILITY = YES_AGGRESSIVE;
				CLANG_WARN_UNREACHABLE_CODE = YES;
				CLANG_WARN__DUPLICATE_METHOD_MATCH = YES;
				COPY_PHASE_STRIP = NO;
				DEBUG_INFORMATION_FORMAT = "dwarf-with-dsym";
				ENABLE_NS_ASSERTIONS = NO;
				ENABLE_STRICT_OBJC_MSGSEND = YES;
				GCC_C_LANGUAGE_STANDARD = gnu11;
				GCC_NO_COMMON_BLOCKS = YES;
				GCC_WARN_64_TO_32_BIT_CONVERSION = YES;
				GCC_WARN_ABOUT_RETURN_TYPE = YES_ERROR;
				GCC_WARN_UNDECLARED_SELECTOR = YES;
				GCC_WARN_UNINITIALIZED_AUTOS = YES_AGGRESSIVE;
				GCC_WARN_UNUSED_FUNCTION = YES;
				GCC_WARN_UNUSED_VARIABLE = YES;
				IPHONEOS_DEPLOYMENT_TARGET = 14.5;
				MTL_ENABLE_DEBUG_INFO = NO;
				MTL_FAST_MATH = YES;
				SDKROOT = iphoneos;
				SWIFT_COMPILATION_MODE = wholemodule;
				SWIFT_OPTIMIZATION_LEVEL = "-O";
				VALIDATE_PRODUCT = YES;
			};
			name = Release;
		};
		FCA70E23268DF8B600B28CC4 /* Debug */ = {
			isa = XCBuildConfiguration;
			buildSettings = {
				ASSETCATALOG_COMPILER_APPICON_NAME = AppIcon;
				ASSETCATALOG_COMPILER_GLOBAL_ACCENT_COLOR_NAME = AccentColor;
				CODE_SIGN_STYLE = Automatic;
				DEVELOPMENT_ASSET_PATHS = "\"PlayerList/Preview Content\"";
				ENABLE_PREVIEWS = YES;
				INFOPLIST_FILE = PlayerList/Info.plist;
				IPHONEOS_DEPLOYMENT_TARGET = 14.0;
				LD_RUNPATH_SEARCH_PATHS = (
					"$(inherited)",
					"@executable_path/Frameworks",
				);
				PRODUCT_BUNDLE_IDENTIFIER = com.ihounokyaku.playerlist.PlayerList;
				PRODUCT_NAME = "$(TARGET_NAME)";
				SWIFT_VERSION = 5.0;
				TARGETED_DEVICE_FAMILY = "1,2";
			};
			name = Debug;
		};
		FCA70E24268DF8B600B28CC4 /* Release */ = {
			isa = XCBuildConfiguration;
			buildSettings = {
				ASSETCATALOG_COMPILER_APPICON_NAME = AppIcon;
				ASSETCATALOG_COMPILER_GLOBAL_ACCENT_COLOR_NAME = AccentColor;
				CODE_SIGN_STYLE = Automatic;
				DEVELOPMENT_ASSET_PATHS = "\"PlayerList/Preview Content\"";
				ENABLE_PREVIEWS = YES;
				INFOPLIST_FILE = PlayerList/Info.plist;
				IPHONEOS_DEPLOYMENT_TARGET = 14.0;
				LD_RUNPATH_SEARCH_PATHS = (
					"$(inherited)",
					"@executable_path/Frameworks",
				);
				PRODUCT_BUNDLE_IDENTIFIER = com.ihounokyaku.playerlist.PlayerList;
				PRODUCT_NAME = "$(TARGET_NAME)";
				SWIFT_VERSION = 5.0;
				TARGETED_DEVICE_FAMILY = "1,2";
			};
			name = Release;
		};
/* End XCBuildConfiguration section */

/* Begin XCConfigurationList section */
		FCA70E0E268DF8B600B28CC4 /* Build configuration list for PBXProject "PlayerList" */ = {
			isa = XCConfigurationList;
			buildConfigurations = (
				FCA70E20268DF8B600B28CC4 /* Debug */,
				FCA70E21268DF8B600B28CC4 /* Release */,
			);
			defaultConfigurationIsVisible = 0;
			defaultConfigurationName = Release;
		};
		FCA70E22268DF8B600B28CC4 /* Build configuration list for PBXNativeTarget "PlayerList" */ = {
			isa = XCConfigurationList;
			buildConfigurations = (
				FCA70E23268DF8B600B28CC4 /* Debug */,
				FCA70E24268DF8B600B28CC4 /* Release */,
			);
			defaultConfigurationIsVisible = 0;
			defaultConfigurationName = Release;
		};
/* End XCConfigurationList section */
	};
	rootObject = FCA70E0B268DF8B600B28CC4 /* Project object */;
}
